
Microsoft Visual Studio Solution File, Format Version 12.00
# Visual Studio 15
VisualStudioVersion = 15.0.28307.438
MinimumVisualStudioVersion = 10.0.40219.1
Project("{FAE04EC0-301F-11D3-BF4B-00C04F79EFBC}") = "Программа формирования личного рейтинга фильмов", "Учет просмотренных фильмов\Программа формирования личного рейтинга фильмов.csproj", "{20B2BA68-BE93-499C-B10B-109DBEF28158}"
EndProject
Global
	GlobalSection(SolutionConfigurationPlatforms) = preSolution
		Debug|Any CPU = Debug|Any CPU
		Release|Any CPU = Release|Any CPU
	EndGlobalSection
	GlobalSection(ProjectConfigurationPlatforms) = postSolution
		{20B2BA68-BE93-499C-B10B-109DBEF28158}.Debug|Any CPU.ActiveCfg = Debug|Any CPU
		{20B2BA68-BE93-499C-B10B-109DBEF28158}.Debug|Any CPU.Build.0 = Debug|Any CPU
		{20B2BA68-BE93-499C-B10B-109DBEF28158}.Release|Any CPU.ActiveCfg = Release|Any CPU
		{20B2BA68-BE93-499C-B10B-109DBEF28158}.Release|Any CPU.Build.0 = Release|Any CPU
	EndGlobalSection
	GlobalSection(SolutionProperties) = preSolution
		HideSolutionNode = FALSE
	EndGlobalSection
	GlobalSection(ExtensibilityGlobals) = postSolution
		SolutionGuid = {E17F85C8-31D2-419C-8D52-CBC4A2C583C5}
	EndGlobalSection
EndGlobal
